
Microsoft Visual Studio Solution File, Format Version 12.00
# Visual Studio 15
Project("{FAE04EC0-301F-11D3-BF4B-00C04F79EFBC}") = "Assembly-CSharp", "Assembly-CSharp.csproj", "{1585EDCE-475A-A084-AE61-D701358D2EE0}"
EndProject
Project("{FAE04EC0-301F-11D3-BF4B-00C04F79EFBC}") = "Assembly-CSharp-Editor", "Assembly-CSharp-Editor.csproj", "{7A2D1BE8-8D35-96A7-B180-FF934BFCED04}"
EndProject
Global
	GlobalSection(SolutionConfigurationPlatforms) = preSolution
		Debug|Any CPU = Debug|Any CPU
		Release|Any CPU = Release|Any CPU
	EndGlobalSection
	GlobalSection(ProjectConfigurationPlatforms) = postSolution
		{1585EDCE-475A-A084-AE61-D701358D2EE0}.Debug|Any CPU.ActiveCfg = Debug|Any CPU
		{1585EDCE-475A-A084-AE61-D701358D2EE0}.Debug|Any CPU.Build.0 = Debug|Any CPU
		{1585EDCE-475A-A084-AE61-D701358D2EE0}.Release|Any CPU.ActiveCfg = Release|Any CPU
		{1585EDCE-475A-A084-AE61-D701358D2EE0}.Release|Any CPU.Build.0 = Release|Any CPU
		{7A2D1BE8-8D35-96A7-B180-FF934BFCED04}.Debug|Any CPU.ActiveCfg = Debug|Any CPU
		{7A2D1BE8-8D35-96A7-B180-FF934BFCED04}.Debug|Any CPU.Build.0 = Debug|Any CPU
		{7A2D1BE8-8D35-96A7-B180-FF934BFCED04}.Release|Any CPU.ActiveCfg = Release|Any CPU
		{7A2D1BE8-8D35-96A7-B180-FF934BFCED04}.Release|Any CPU.Build.0 = Release|Any CPU
	EndGlobalSection
	GlobalSection(SolutionProperties) = preSolution
		HideSolutionNode = FALSE
	EndGlobalSection
EndGlobal
